
Microsoft Visual Studio Solution File, Format Version 12.00
# Visual Studio 15
VisualStudioVersion = 15.0.27004.2005
MinimumVisualStudioVersion = 10.0.40219.1
Project("{FAE04EC0-301F-11D3-BF4B-00C04F79EFBC}") = "Calc", "Calc\Calc.csproj", "{0A460D46-EBE5-4EE1-835D-90F4C1CE8A56}"
EndProject
Global
	GlobalSection(SolutionConfigurationPlatforms) = preSolution
		Debug|Any CPU = Debug|Any CPU
		Release|Any CPU = Release|Any CPU
	EndGlobalSection
	GlobalSection(ProjectConfigurationPlatforms) = postSolution
		{0A460D46-EBE5-4EE1-835D-90F4C1CE8A56}.Debug|Any CPU.ActiveCfg = Debug|Any CPU
		{0A460D46-EBE5-4EE1-835D-90F4C1CE8A56}.Debug|Any CPU.Build.0 = Debug|Any CPU
		{0A460D46-EBE5-4EE1-835D-90F4C1CE8A56}.Release|Any CPU.ActiveCfg = Release|Any CPU
		{0A460D46-EBE5-4EE1-835D-90F4C1CE8A56}.Release|Any CPU.Build.0 = Release|Any CPU
	EndGlobalSection
	GlobalSection(SolutionProperties) = preSolution
		HideSolutionNode = FALSE
	EndGlobalSection
	GlobalSection(ExtensibilityGlobals) = postSolution
		SolutionGuid = {11E2DBB2-FB68-46F3-8A05-547141499BC2}
	EndGlobalSection
EndGlobal
